
Microsoft Visual Studio Solution File, Format Version 12.00
# Visual Studio Version 16
VisualStudioVersion = 16.0.30907.101
MinimumVisualStudioVersion = 10.0.40219.1
Project("{FAE04EC0-301F-11D3-BF4B-00C04F79EFBC}") = "Pazar", "Pazar\Pazar.csproj", "{593A0A6A-3BAF-4D8C-A5DD-7FB0B41ABCF5}"
EndProject
Global
	GlobalSection(SolutionConfigurationPlatforms) = preSolution
		Debug|Any CPU = Debug|Any CPU
		Release|Any CPU = Release|Any CPU
	EndGlobalSection
	GlobalSection(ProjectConfigurationPlatforms) = postSolution
		{593A0A6A-3BAF-4D8C-A5DD-7FB0B41ABCF5}.Debug|Any CPU.ActiveCfg = Debug|Any CPU
		{593A0A6A-3BAF-4D8C-A5DD-7FB0B41ABCF5}.Debug|Any CPU.Build.0 = Debug|Any CPU
		{593A0A6A-3BAF-4D8C-A5DD-7FB0B41ABCF5}.Release|Any CPU.ActiveCfg = Release|Any CPU
		{593A0A6A-3BAF-4D8C-A5DD-7FB0B41ABCF5}.Release|Any CPU.Build.0 = Release|Any CPU
	EndGlobalSection
	GlobalSection(SolutionProperties) = preSolution
		HideSolutionNode = FALSE
	EndGlobalSection
	GlobalSection(ExtensibilityGlobals) = postSolution
		SolutionGuid = {53A00342-5384-474A-BF69-FF5C61C386C2}
	EndGlobalSection
EndGlobal
